// !$*UTF8*$!
{
	archiveVersion = 1;
	classes = {
	};
	objectVersion = 56;
	objects = {

/* Begin PBXBuildFile section */
		C611DECB2B7A747000F92A18 /* PlotLuckApp.swift in Sources */ = {isa = PBXBuildFile; fileRef = C611DECA2B7A747000F92A18 /* PlotLuckApp.swift */; };
		C611DECF2B7A747100F92A18 /* Assets.xcassets in Resources */ = {isa = PBXBuildFile; fileRef = C611DECE2B7A747100F92A18 /* Assets.xcassets */; };
		C611DED22B7A747100F92A18 /* Preview Assets.xcassets in Resources */ = {isa = PBXBuildFile; fileRef = C611DED12B7A747100F92A18 /* Preview Assets.xcassets */; };
		C611DEDC2B7A747200F92A18 /* AddReadingListItemUseCaseTests.swift in Sources */ = {isa = PBXBuildFile; fileRef = C611DEDB2B7A747200F92A18 /* AddReadingListItemUseCaseTests.swift */; };
		C611DEF52B7A7F2500F92A18 /* ReadingListItem.swift in Sources */ = {isa = PBXBuildFile; fileRef = C611DEF42B7A7F2500F92A18 /* ReadingListItem.swift */; };
		C611DEF82B7A7F4F00F92A18 /* Book.swift in Sources */ = {isa = PBXBuildFile; fileRef = C611DEF72B7A7F4F00F92A18 /* Book.swift */; };
		C611DEFA2B7A7F5900F92A18 /* ReadingStatus.swift in Sources */ = {isa = PBXBuildFile; fileRef = C611DEF92B7A7F5900F92A18 /* ReadingStatus.swift */; };
		C611DEFD2B7A874900F92A18 /* ReadingListRepository.swift in Sources */ = {isa = PBXBuildFile; fileRef = C611DEFC2B7A874900F92A18 /* ReadingListRepository.swift */; };
		C611DF022B7A887700F92A18 /* UseCase.swift in Sources */ = {isa = PBXBuildFile; fileRef = C611DF012B7A887700F92A18 /* UseCase.swift */; };
		C611DF062B7A8A4400F92A18 /* AddReadingListItemUseCase.swift in Sources */ = {isa = PBXBuildFile; fileRef = C611DF052B7A8A4400F92A18 /* AddReadingListItemUseCase.swift */; };
		C611DF082B7A8E2100F92A18 /* ReadingListDatasource.swift in Sources */ = {isa = PBXBuildFile; fileRef = C611DF072B7A8E2100F92A18 /* ReadingListDatasource.swift */; };
		C611DF0A2B7A91AC00F92A18 /* MockReadingListRepository.swift in Sources */ = {isa = PBXBuildFile; fileRef = C611DF092B7A91AC00F92A18 /* MockReadingListRepository.swift */; };
		C620168F2B7C157A0027BCBB /* UpdateReadingListItemUseCase.swift in Sources */ = {isa = PBXBuildFile; fileRef = C620168E2B7C157A0027BCBB /* UpdateReadingListItemUseCase.swift */; };
		C62016912B7C1AD00027BCBB /* ReadingListItemUpdateModel.swift in Sources */ = {isa = PBXBuildFile; fileRef = C62016902B7C1AD00027BCBB /* ReadingListItemUpdateModel.swift */; };
		C62016932B7C1C9E0027BCBB /* UpdateReadingListItemUseCaseTests.swift in Sources */ = {isa = PBXBuildFile; fileRef = C62016922B7C1C9E0027BCBB /* UpdateReadingListItemUseCaseTests.swift */; };
		C65F5CA42B7D1D6000C20B51 /* BookSearchView.swift in Sources */ = {isa = PBXBuildFile; fileRef = C65F5CA32B7D1D6000C20B51 /* BookSearchView.swift */; };
		C65F5CA62B7D1D7800C20B51 /* BookSearchFactory.swift in Sources */ = {isa = PBXBuildFile; fileRef = C65F5CA52B7D1D7800C20B51 /* BookSearchFactory.swift */; };
		C65F5CAA2B7D220200C20B51 /* BookSearchView+ViewModel.swift in Sources */ = {isa = PBXBuildFile; fileRef = C65F5CA92B7D220200C20B51 /* BookSearchView+ViewModel.swift */; };
		C65F5CAC2B7D23F900C20B51 /* BookSearchResult.swift in Sources */ = {isa = PBXBuildFile; fileRef = C65F5CAB2B7D23F900C20B51 /* BookSearchResult.swift */; };
		C65F5CAF2B7D244B00C20B51 /* GoogleBookSearchResult.swift in Sources */ = {isa = PBXBuildFile; fileRef = C65F5CAE2B7D244B00C20B51 /* GoogleBookSearchResult.swift */; };
		C65F5CB12B7D273E00C20B51 /* BookSearchRepository.swift in Sources */ = {isa = PBXBuildFile; fileRef = C65F5CB02B7D273E00C20B51 /* BookSearchRepository.swift */; };
		C65F5CB42B7D284500C20B51 /* FetchBooksUseCase.swift in Sources */ = {isa = PBXBuildFile; fileRef = C65F5CB32B7D284500C20B51 /* FetchBooksUseCase.swift */; };
		C6921C112B7C51F0005C9943 /* ListItemCell.swift in Sources */ = {isa = PBXBuildFile; fileRef = C6921C102B7C51F0005C9943 /* ListItemCell.swift */; };
		C6DC7C552B7BE346005D23DE /* ErrorLogger.swift in Sources */ = {isa = PBXBuildFile; fileRef = C6DC7C542B7BE346005D23DE /* ErrorLogger.swift */; };
		C6DC7C582B7BE3A9005D23DE /* CrashlyticsLogger.swift in Sources */ = {isa = PBXBuildFile; fileRef = C6DC7C572B7BE3A9005D23DE /* CrashlyticsLogger.swift */; };
		C6DC7C5C2B7BE5CF005D23DE /* FetchReadingListItemsUseCase.swift in Sources */ = {isa = PBXBuildFile; fileRef = C6DC7C5B2B7BE5CF005D23DE /* FetchReadingListItemsUseCase.swift */; };
		C6DC7C5E2B7BEEC7005D23DE /* FetchReadingListItemsUseCaseTests.swift in Sources */ = {isa = PBXBuildFile; fileRef = C6DC7C5D2B7BEEC7005D23DE /* FetchReadingListItemsUseCaseTests.swift */; };
		C6DC7C602B7BF761005D23DE /* RemoveReadingListItemUseCase.swift in Sources */ = {isa = PBXBuildFile; fileRef = C6DC7C5F2B7BF761005D23DE /* RemoveReadingListItemUseCase.swift */; };
		C6DC7C622B7BF9F2005D23DE /* RemoveReadingListItemUseCaseTests.swift in Sources */ = {isa = PBXBuildFile; fileRef = C6DC7C612B7BF9F2005D23DE /* RemoveReadingListItemUseCaseTests.swift */; };
		C6E28A732B7BBBE90033E2B6 /* MockError.swift in Sources */ = {isa = PBXBuildFile; fileRef = C6E28A722B7BBBE90033E2B6 /* MockError.swift */; };
		C6E28A772B7BC6120033E2B6 /* LocalReadingListDataSourceTests.swift in Sources */ = {isa = PBXBuildFile; fileRef = C6E28A762B7BC6120033E2B6 /* LocalReadingListDataSourceTests.swift */; };
		C6E28A7A2B7BCA110033E2B6 /* ReadingListView.swift in Sources */ = {isa = PBXBuildFile; fileRef = C6E28A792B7BCA110033E2B6 /* ReadingListView.swift */; };
		C6E28A7D2B7BCA590033E2B6 /* ReadingListView+ViewModel.swift in Sources */ = {isa = PBXBuildFile; fileRef = C6E28A7C2B7BCA590033E2B6 /* ReadingListView+ViewModel.swift */; };
		C6E28A812B7BCE180033E2B6 /* ViewFactory.swift in Sources */ = {isa = PBXBuildFile; fileRef = C6E28A802B7BCE180033E2B6 /* ViewFactory.swift */; };
		C6E28A842B7BCED30033E2B6 /* ReadingListViewFactory.swift in Sources */ = {isa = PBXBuildFile; fileRef = C6E28A832B7BCED30033E2B6 /* ReadingListViewFactory.swift */; };
/* End PBXBuildFile section */

/* Begin PBXContainerItemProxy section */
		C611DED82B7A747200F92A18 /* PBXContainerItemProxy */ = {
			isa = PBXContainerItemProxy;
			containerPortal = C611DEBF2B7A747000F92A18 /* Project object */;
			proxyType = 1;
			remoteGlobalIDString = C611DEC62B7A747000F92A18;
			remoteInfo = PlotLuck;
		};
/* End PBXContainerItemProxy section */

/* Begin PBXFileReference section */
		C611DEC72B7A747000F92A18 /* PlotLuck.app */ = {isa = PBXFileReference; explicitFileType = wrapper.application; includeInIndex = 0; path = PlotLuck.app; sourceTree = BUILT_PRODUCTS_DIR; };
		C611DECA2B7A747000F92A18 /* PlotLuckApp.swift */ = {isa = PBXFileReference; lastKnownFileType = sourcecode.swift; path = PlotLuckApp.swift; sourceTree = "<group>"; };
		C611DECE2B7A747100F92A18 /* Assets.xcassets */ = {isa = PBXFileReference; lastKnownFileType = folder.assetcatalog; path = Assets.xcassets; sourceTree = "<group>"; };
		C611DED12B7A747100F92A18 /* Preview Assets.xcassets */ = {isa = PBXFileReference; lastKnownFileType = folder.assetcatalog; path = "Preview Assets.xcassets"; sourceTree = "<group>"; };
		C611DED72B7A747200F92A18 /* PlotLuckTests.xctest */ = {isa = PBXFileReference; explicitFileType = wrapper.cfbundle; includeInIndex = 0; path = PlotLuckTests.xctest; sourceTree = BUILT_PRODUCTS_DIR; };
		C611DEDB2B7A747200F92A18 /* AddReadingListItemUseCaseTests.swift */ = {isa = PBXFileReference; lastKnownFileType = sourcecode.swift; path = AddReadingListItemUseCaseTests.swift; sourceTree = "<group>"; };
		C611DEF42B7A7F2500F92A18 /* ReadingListItem.swift */ = {isa = PBXFileReference; lastKnownFileType = sourcecode.swift; path = ReadingListItem.swift; sourceTree = "<group>"; };
		C611DEF72B7A7F4F00F92A18 /* Book.swift */ = {isa = PBXFileReference; lastKnownFileType = sourcecode.swift; path = Book.swift; sourceTree = "<group>"; };
		C611DEF92B7A7F5900F92A18 /* ReadingStatus.swift */ = {isa = PBXFileReference; lastKnownFileType = sourcecode.swift; path = ReadingStatus.swift; sourceTree = "<group>"; };
		C611DEFC2B7A874900F92A18 /* ReadingListRepository.swift */ = {isa = PBXFileReference; lastKnownFileType = sourcecode.swift; path = ReadingListRepository.swift; sourceTree = "<group>"; };
		C611DF012B7A887700F92A18 /* UseCase.swift */ = {isa = PBXFileReference; lastKnownFileType = sourcecode.swift; path = UseCase.swift; sourceTree = "<group>"; };
		C611DF052B7A8A4400F92A18 /* AddReadingListItemUseCase.swift */ = {isa = PBXFileReference; lastKnownFileType = sourcecode.swift; path = AddReadingListItemUseCase.swift; sourceTree = "<group>"; };
		C611DF072B7A8E2100F92A18 /* ReadingListDatasource.swift */ = {isa = PBXFileReference; lastKnownFileType = sourcecode.swift; path = ReadingListDatasource.swift; sourceTree = "<group>"; };
		C611DF092B7A91AC00F92A18 /* MockReadingListRepository.swift */ = {isa = PBXFileReference; lastKnownFileType = sourcecode.swift; path = MockReadingListRepository.swift; sourceTree = "<group>"; };
		C620168E2B7C157A0027BCBB /* UpdateReadingListItemUseCase.swift */ = {isa = PBXFileReference; lastKnownFileType = sourcecode.swift; path = UpdateReadingListItemUseCase.swift; sourceTree = "<group>"; };
		C62016902B7C1AD00027BCBB /* ReadingListItemUpdateModel.swift */ = {isa = PBXFileReference; lastKnownFileType = sourcecode.swift; path = ReadingListItemUpdateModel.swift; sourceTree = "<group>"; };
		C62016922B7C1C9E0027BCBB /* UpdateReadingListItemUseCaseTests.swift */ = {isa = PBXFileReference; lastKnownFileType = sourcecode.swift; path = UpdateReadingListItemUseCaseTests.swift; sourceTree = "<group>"; };
		C65F5CA32B7D1D6000C20B51 /* BookSearchView.swift */ = {isa = PBXFileReference; lastKnownFileType = sourcecode.swift; path = BookSearchView.swift; sourceTree = "<group>"; };
		C65F5CA52B7D1D7800C20B51 /* BookSearchFactory.swift */ = {isa = PBXFileReference; lastKnownFileType = sourcecode.swift; path = BookSearchFactory.swift; sourceTree = "<group>"; };
		C65F5CA92B7D220200C20B51 /* BookSearchView+ViewModel.swift */ = {isa = PBXFileReference; lastKnownFileType = sourcecode.swift; path = "BookSearchView+ViewModel.swift"; sourceTree = "<group>"; };
		C65F5CAB2B7D23F900C20B51 /* BookSearchResult.swift */ = {isa = PBXFileReference; lastKnownFileType = sourcecode.swift; path = BookSearchResult.swift; sourceTree = "<group>"; };
		C65F5CAE2B7D244B00C20B51 /* GoogleBookSearchResult.swift */ = {isa = PBXFileReference; lastKnownFileType = sourcecode.swift; path = GoogleBookSearchResult.swift; sourceTree = "<group>"; };
		C65F5CB02B7D273E00C20B51 /* BookSearchRepository.swift */ = {isa = PBXFileReference; lastKnownFileType = sourcecode.swift; path = BookSearchRepository.swift; sourceTree = "<group>"; };
		C65F5CB32B7D284500C20B51 /* FetchBooksUseCase.swift */ = {isa = PBXFileReference; lastKnownFileType = sourcecode.swift; path = FetchBooksUseCase.swift; sourceTree = "<group>"; };
		C6921C102B7C51F0005C9943 /* ListItemCell.swift */ = {isa = PBXFileReference; lastKnownFileType = sourcecode.swift; path = ListItemCell.swift; sourceTree = "<group>"; };
		C6DC7C542B7BE346005D23DE /* ErrorLogger.swift */ = {isa = PBXFileReference; lastKnownFileType = sourcecode.swift; path = ErrorLogger.swift; sourceTree = "<group>"; };
		C6DC7C572B7BE3A9005D23DE /* CrashlyticsLogger.swift */ = {isa = PBXFileReference; lastKnownFileType = sourcecode.swift; path = CrashlyticsLogger.swift; sourceTree = "<group>"; };
		C6DC7C5B2B7BE5CF005D23DE /* FetchReadingListItemsUseCase.swift */ = {isa = PBXFileReference; lastKnownFileType = sourcecode.swift; path = FetchReadingListItemsUseCase.swift; sourceTree = "<group>"; };
		C6DC7C5D2B7BEEC7005D23DE /* FetchReadingListItemsUseCaseTests.swift */ = {isa = PBXFileReference; lastKnownFileType = sourcecode.swift; path = FetchReadingListItemsUseCaseTests.swift; sourceTree = "<group>"; };
		C6DC7C5F2B7BF761005D23DE /* RemoveReadingListItemUseCase.swift */ = {isa = PBXFileReference; lastKnownFileType = sourcecode.swift; path = RemoveReadingListItemUseCase.swift; sourceTree = "<group>"; };
		C6DC7C612B7BF9F2005D23DE /* RemoveReadingListItemUseCaseTests.swift */ = {isa = PBXFileReference; lastKnownFileType = sourcecode.swift; path = RemoveReadingListItemUseCaseTests.swift; sourceTree = "<group>"; };
		C6E28A722B7BBBE90033E2B6 /* MockError.swift */ = {isa = PBXFileReference; lastKnownFileType = sourcecode.swift; path = MockError.swift; sourceTree = "<group>"; };
		C6E28A762B7BC6120033E2B6 /* LocalReadingListDataSourceTests.swift */ = {isa = PBXFileReference; lastKnownFileType = sourcecode.swift; path = LocalReadingListDataSourceTests.swift; sourceTree = "<group>"; };
		C6E28A792B7BCA110033E2B6 /* ReadingListView.swift */ = {isa = PBXFileReference; lastKnownFileType = sourcecode.swift; path = ReadingListView.swift; sourceTree = "<group>"; };
		C6E28A7C2B7BCA590033E2B6 /* ReadingListView+ViewModel.swift */ = {isa = PBXFileReference; lastKnownFileType = sourcecode.swift; path = "ReadingListView+ViewModel.swift"; sourceTree = "<group>"; };
		C6E28A802B7BCE180033E2B6 /* ViewFactory.swift */ = {isa = PBXFileReference; lastKnownFileType = sourcecode.swift; path = ViewFactory.swift; sourceTree = "<group>"; };
		C6E28A832B7BCED30033E2B6 /* ReadingListViewFactory.swift */ = {isa = PBXFileReference; lastKnownFileType = sourcecode.swift; path = ReadingListViewFactory.swift; sourceTree = "<group>"; };
/* End PBXFileReference section */

/* Begin PBXFrameworksBuildPhase section */
		C611DEC42B7A747000F92A18 /* Frameworks */ = {
			isa = PBXFrameworksBuildPhase;
			buildActionMask = 2147483647;
			files = (
			);
			runOnlyForDeploymentPostprocessing = 0;
		};
		C611DED42B7A747200F92A18 /* Frameworks */ = {
			isa = PBXFrameworksBuildPhase;
			buildActionMask = 2147483647;
			files = (
			);
			runOnlyForDeploymentPostprocessing = 0;
		};
/* End PBXFrameworksBuildPhase section */

/* Begin PBXGroup section */
		C611DEBE2B7A747000F92A18 = {
			isa = PBXGroup;
			children = (
				C611DEC92B7A747000F92A18 /* PlotLuck */,
				C611DEDA2B7A747200F92A18 /* PlotLuckTests */,
				C611DEC82B7A747000F92A18 /* Products */,
			);
			sourceTree = "<group>";
		};
		C611DEC82B7A747000F92A18 /* Products */ = {
			isa = PBXGroup;
			children = (
				C611DEC72B7A747000F92A18 /* PlotLuck.app */,
				C611DED72B7A747200F92A18 /* PlotLuckTests.xctest */,
			);
			name = Products;
			sourceTree = "<group>";
		};
		C611DEC92B7A747000F92A18 /* PlotLuck */ = {
			isa = PBXGroup;
			children = (
				C611DECA2B7A747000F92A18 /* PlotLuckApp.swift */,
				C6E28A7B2B7BCA190033E2B6 /* Views */,
				C611DEF62B7A7F3000F92A18 /* Data */,
				C611DF032B7A89EB00F92A18 /* Domain */,
				C611DECE2B7A747100F92A18 /* Assets.xcassets */,
				C611DED02B7A747100F92A18 /* Preview Content */,
			);
			path = PlotLuck;
			sourceTree = "<group>";
		};
		C611DED02B7A747100F92A18 /* Preview Content */ = {
			isa = PBXGroup;
			children = (
				C611DED12B7A747100F92A18 /* Preview Assets.xcassets */,
			);
			path = "Preview Content";
			sourceTree = "<group>";
		};
		C611DEDA2B7A747200F92A18 /* PlotLuckTests */ = {
			isa = PBXGroup;
			children = (
				C6E28A782B7BC6150033E2B6 /* Data Layer */,
				C6E28A752B7BC57D0033E2B6 /* Domain Layer */,
				C6E28A742B7BC5760033E2B6 /* Mocks */,
			);
			path = PlotLuckTests;
			sourceTree = "<group>";
		};
		C611DEF62B7A7F3000F92A18 /* Data */ = {
			isa = PBXGroup;
			children = (
				C65F5CB52B7D28E300C20B51 /* BookSearch */,
				C611DF002B7A885600F92A18 /* ReadingList */,
				C611DEFB2B7A86B600F92A18 /* Models */,
			);
			path = Data;
			sourceTree = "<group>";
		};
		C611DEFB2B7A86B600F92A18 /* Models */ = {
			isa = PBXGroup;
			children = (
				C611DEF42B7A7F2500F92A18 /* ReadingListItem.swift */,
				C611DEF72B7A7F4F00F92A18 /* Book.swift */,
				C611DEF92B7A7F5900F92A18 /* ReadingStatus.swift */,
				C65F5CAB2B7D23F900C20B51 /* BookSearchResult.swift */,
				C65F5CAD2B7D243B00C20B51 /* API */,
			);
			path = Models;
			sourceTree = "<group>";
		};
		C611DF002B7A885600F92A18 /* ReadingList */ = {
			isa = PBXGroup;
			children = (
				C611DEFC2B7A874900F92A18 /* ReadingListRepository.swift */,
				C611DF072B7A8E2100F92A18 /* ReadingListDatasource.swift */,
			);
			path = ReadingList;
			sourceTree = "<group>";
		};
		C611DF032B7A89EB00F92A18 /* Domain */ = {
			isa = PBXGroup;
			children = (
				C62016902B7C1AD00027BCBB /* ReadingListItemUpdateModel.swift */,
				C611DF042B7A8A3300F92A18 /* UseCases */,
				C6DC7C562B7BE397005D23DE /* LoggerServices */,
			);
			path = Domain;
			sourceTree = "<group>";
		};
		C611DF042B7A8A3300F92A18 /* UseCases */ = {
			isa = PBXGroup;
			children = (
				C611DF012B7A887700F92A18 /* UseCase.swift */,
				C65F5CB62B7D2DFF00C20B51 /* BookSearch */,
				C65F5CB22B7D281000C20B51 /* ReadingListItem */,
			);
			path = UseCases;
			sourceTree = "<group>";
		};
		C65F5CA72B7D1D8B00C20B51 /* BookSearchView */ = {
			isa = PBXGroup;
			children = (
				C65F5CA52B7D1D7800C20B51 /* BookSearchFactory.swift */,
				C65F5CA32B7D1D6000C20B51 /* BookSearchView.swift */,
				C65F5CA92B7D220200C20B51 /* BookSearchView+ViewModel.swift */,
			);
			path = BookSearchView;
			sourceTree = "<group>";
		};
		C65F5CA82B7D1FF200C20B51 /* Shared */ = {
			isa = PBXGroup;
			children = (
				C6921C102B7C51F0005C9943 /* ListItemCell.swift */,
			);
			path = Shared;
			sourceTree = "<group>";
		};
		C65F5CAD2B7D243B00C20B51 /* API */ = {
			isa = PBXGroup;
			children = (
				C65F5CAE2B7D244B00C20B51 /* GoogleBookSearchResult.swift */,
			);
			path = API;
			sourceTree = "<group>";
		};
		C65F5CB22B7D281000C20B51 /* ReadingListItem */ = {
			isa = PBXGroup;
			children = (
				C611DF052B7A8A4400F92A18 /* AddReadingListItemUseCase.swift */,
				C6DC7C5F2B7BF761005D23DE /* RemoveReadingListItemUseCase.swift */,
				C620168E2B7C157A0027BCBB /* UpdateReadingListItemUseCase.swift */,
				C6DC7C5B2B7BE5CF005D23DE /* FetchReadingListItemsUseCase.swift */,
			);
			path = ReadingListItem;
			sourceTree = "<group>";
		};
		C65F5CB52B7D28E300C20B51 /* BookSearch */ = {
			isa = PBXGroup;
			children = (
				C65F5CB02B7D273E00C20B51 /* BookSearchRepository.swift */,
			);
			path = BookSearch;
			sourceTree = "<group>";
		};
		C65F5CB62B7D2DFF00C20B51 /* BookSearch */ = {
			isa = PBXGroup;
			children = (
				C65F5CB32B7D284500C20B51 /* FetchBooksUseCase.swift */,
			);
			path = BookSearch;
			sourceTree = "<group>";
		};
		C6DC7C562B7BE397005D23DE /* LoggerServices */ = {
			isa = PBXGroup;
			children = (
				C6DC7C542B7BE346005D23DE /* ErrorLogger.swift */,
				C6DC7C572B7BE3A9005D23DE /* CrashlyticsLogger.swift */,
			);
			path = LoggerServices;
			sourceTree = "<group>";
		};
		C6E28A742B7BC5760033E2B6 /* Mocks */ = {
			isa = PBXGroup;
			children = (
				C611DF092B7A91AC00F92A18 /* MockReadingListRepository.swift */,
				C6E28A722B7BBBE90033E2B6 /* MockError.swift */,
			);
			path = Mocks;
			sourceTree = "<group>";
		};
		C6E28A752B7BC57D0033E2B6 /* Domain Layer */ = {
			isa = PBXGroup;
			children = (
				C611DEDB2B7A747200F92A18 /* AddReadingListItemUseCaseTests.swift */,
				C62016922B7C1C9E0027BCBB /* UpdateReadingListItemUseCaseTests.swift */,
				C6DC7C612B7BF9F2005D23DE /* RemoveReadingListItemUseCaseTests.swift */,
				C6DC7C5D2B7BEEC7005D23DE /* FetchReadingListItemsUseCaseTests.swift */,
			);
			path = "Domain Layer";
			sourceTree = "<group>";
		};
		C6E28A782B7BC6150033E2B6 /* Data Layer */ = {
			isa = PBXGroup;
			children = (
				C6E28A762B7BC6120033E2B6 /* LocalReadingListDataSourceTests.swift */,
			);
			path = "Data Layer";
			sourceTree = "<group>";
		};
		C6E28A7B2B7BCA190033E2B6 /* Views */ = {
			isa = PBXGroup;
			children = (
				C6E28A802B7BCE180033E2B6 /* ViewFactory.swift */,
				C65F5CA82B7D1FF200C20B51 /* Shared */,
				C65F5CA72B7D1D8B00C20B51 /* BookSearchView */,
				C6E28A822B7BCEA50033E2B6 /* ReadingListView */,
			);
			path = Views;
			sourceTree = "<group>";
		};
		C6E28A822B7BCEA50033E2B6 /* ReadingListView */ = {
			isa = PBXGroup;
			children = (
				C6E28A832B7BCED30033E2B6 /* ReadingListViewFactory.swift */,
				C6E28A792B7BCA110033E2B6 /* ReadingListView.swift */,
				C6E28A7C2B7BCA590033E2B6 /* ReadingListView+ViewModel.swift */,
			);
			path = ReadingListView;
			sourceTree = "<group>";
		};
/* End PBXGroup section */

/* Begin PBXNativeTarget section */
		C611DEC62B7A747000F92A18 /* PlotLuck */ = {
			isa = PBXNativeTarget;
			buildConfigurationList = C611DEEB2B7A747200F92A18 /* Build configuration list for PBXNativeTarget "PlotLuck" */;
			buildPhases = (
				C611DEC32B7A747000F92A18 /* Sources */,
				C611DEC42B7A747000F92A18 /* Frameworks */,
				C611DEC52B7A747000F92A18 /* Resources */,
			);
			buildRules = (
			);
			dependencies = (
			);
			name = PlotLuck;
			productName = PlotLuck;
			productReference = C611DEC72B7A747000F92A18 /* PlotLuck.app */;
			productType = "com.apple.product-type.application";
		};
		C611DED62B7A747200F92A18 /* PlotLuckTests */ = {
			isa = PBXNativeTarget;
			buildConfigurationList = C611DEEE2B7A747200F92A18 /* Build configuration list for PBXNativeTarget "PlotLuckTests" */;
			buildPhases = (
				C611DED32B7A747200F92A18 /* Sources */,
				C611DED42B7A747200F92A18 /* Frameworks */,
				C611DED52B7A747200F92A18 /* Resources */,
			);
			buildRules = (
			);
			dependencies = (
				C611DED92B7A747200F92A18 /* PBXTargetDependency */,
			);
			name = PlotLuckTests;
			productName = PlotLuckTests;
			productReference = C611DED72B7A747200F92A18 /* PlotLuckTests.xctest */;
			productType = "com.apple.product-type.bundle.unit-test";
		};
/* End PBXNativeTarget section */

/* Begin PBXProject section */
		C611DEBF2B7A747000F92A18 /* Project object */ = {
			isa = PBXProject;
			attributes = {
				BuildIndependentTargetsInParallel = 1;
				LastSwiftUpdateCheck = 1520;
				LastUpgradeCheck = 1520;
				TargetAttributes = {
					C611DEC62B7A747000F92A18 = {
						CreatedOnToolsVersion = 15.2;
					};
					C611DED62B7A747200F92A18 = {
						CreatedOnToolsVersion = 15.2;
						TestTargetID = C611DEC62B7A747000F92A18;
					};
				};
			};
			buildConfigurationList = C611DEC22B7A747000F92A18 /* Build configuration list for PBXProject "PlotLuck" */;
			compatibilityVersion = "Xcode 14.0";
			developmentRegion = en;
			hasScannedForEncodings = 0;
			knownRegions = (
				en,
				Base,
			);
			mainGroup = C611DEBE2B7A747000F92A18;
			productRefGroup = C611DEC82B7A747000F92A18 /* Products */;
			projectDirPath = "";
			projectRoot = "";
			targets = (
				C611DEC62B7A747000F92A18 /* PlotLuck */,
				C611DED62B7A747200F92A18 /* PlotLuckTests */,
			);
		};
/* End PBXProject section */

/* Begin PBXResourcesBuildPhase section */
		C611DEC52B7A747000F92A18 /* Resources */ = {
			isa = PBXResourcesBuildPhase;
			buildActionMask = 2147483647;
			files = (
				C611DED22B7A747100F92A18 /* Preview Assets.xcassets in Resources */,
				C611DECF2B7A747100F92A18 /* Assets.xcassets in Resources */,
			);
			runOnlyForDeploymentPostprocessing = 0;
		};
		C611DED52B7A747200F92A18 /* Resources */ = {
			isa = PBXResourcesBuildPhase;
			buildActionMask = 2147483647;
			files = (
			);
			runOnlyForDeploymentPostprocessing = 0;
		};
/* End PBXResourcesBuildPhase section */

/* Begin PBXSourcesBuildPhase section */
		C611DEC32B7A747000F92A18 /* Sources */ = {
			isa = PBXSourcesBuildPhase;
			buildActionMask = 2147483647;
			files = (
				C6921C112B7C51F0005C9943 /* ListItemCell.swift in Sources */,
				C6E28A842B7BCED30033E2B6 /* ReadingListViewFactory.swift in Sources */,
				C611DEF82B7A7F4F00F92A18 /* Book.swift in Sources */,
				C6DC7C582B7BE3A9005D23DE /* CrashlyticsLogger.swift in Sources */,
				C611DF022B7A887700F92A18 /* UseCase.swift in Sources */,
				C611DEFD2B7A874900F92A18 /* ReadingListRepository.swift in Sources */,
				C65F5CAA2B7D220200C20B51 /* BookSearchView+ViewModel.swift in Sources */,
				C620168F2B7C157A0027BCBB /* UpdateReadingListItemUseCase.swift in Sources */,
				C65F5CA42B7D1D6000C20B51 /* BookSearchView.swift in Sources */,
				C6DC7C552B7BE346005D23DE /* ErrorLogger.swift in Sources */,
				C6E28A7D2B7BCA590033E2B6 /* ReadingListView+ViewModel.swift in Sources */,
				C65F5CB12B7D273E00C20B51 /* BookSearchRepository.swift in Sources */,
				C65F5CAC2B7D23F900C20B51 /* BookSearchResult.swift in Sources */,
				C6DC7C5C2B7BE5CF005D23DE /* FetchReadingListItemsUseCase.swift in Sources */,
				C611DEF52B7A7F2500F92A18 /* ReadingListItem.swift in Sources */,
				C611DF082B7A8E2100F92A18 /* ReadingListDatasource.swift in Sources */,
				C611DF062B7A8A4400F92A18 /* AddReadingListItemUseCase.swift in Sources */,
				C611DEFA2B7A7F5900F92A18 /* ReadingStatus.swift in Sources */,
				C6E28A812B7BCE180033E2B6 /* ViewFactory.swift in Sources */,
				C62016912B7C1AD00027BCBB /* ReadingListItemUpdateModel.swift in Sources */,
				C6DC7C602B7BF761005D23DE /* RemoveReadingListItemUseCase.swift in Sources */,
				C65F5CAF2B7D244B00C20B51 /* GoogleBookSearchResult.swift in Sources */,
				C6E28A7A2B7BCA110033E2B6 /* ReadingListView.swift in Sources */,
				C65F5CA62B7D1D7800C20B51 /* BookSearchFactory.swift in Sources */,
				C611DECB2B7A747000F92A18 /* PlotLuckApp.swift in Sources */,
				C65F5CB42B7D284500C20B51 /* FetchBooksUseCase.swift in Sources */,
			);
			runOnlyForDeploymentPostprocessing = 0;
		};
		C611DED32B7A747200F92A18 /* Sources */ = {
			isa = PBXSourcesBuildPhase;
			buildActionMask = 2147483647;
			files = (
				C611DF0A2B7A91AC00F92A18 /* MockReadingListRepository.swift in Sources */,
				C6DC7C5E2B7BEEC7005D23DE /* FetchReadingListItemsUseCaseTests.swift in Sources */,
				C6E28A732B7BBBE90033E2B6 /* MockError.swift in Sources */,
				C62016932B7C1C9E0027BCBB /* UpdateReadingListItemUseCaseTests.swift in Sources */,
				C6DC7C622B7BF9F2005D23DE /* RemoveReadingListItemUseCaseTests.swift in Sources */,
				C6E28A772B7BC6120033E2B6 /* LocalReadingListDataSourceTests.swift in Sources */,
				C611DEDC2B7A747200F92A18 /* AddReadingListItemUseCaseTests.swift in Sources */,
			);
			runOnlyForDeploymentPostprocessing = 0;
		};
/* End PBXSourcesBuildPhase section */

/* Begin PBXTargetDependency section */
		C611DED92B7A747200F92A18 /* PBXTargetDependency */ = {
			isa = PBXTargetDependency;
			target = C611DEC62B7A747000F92A18 /* PlotLuck */;
			targetProxy = C611DED82B7A747200F92A18 /* PBXContainerItemProxy */;
		};
/* End PBXTargetDependency section */

/* Begin XCBuildConfiguration section */
		C611DEE92B7A747200F92A18 /* Debug */ = {
			isa = XCBuildConfiguration;
			buildSettings = {
				ALWAYS_SEARCH_USER_PATHS = NO;
				ASSETCATALOG_COMPILER_GENERATE_SWIFT_ASSET_SYMBOL_EXTENSIONS = YES;
				CLANG_ANALYZER_NONNULL = YES;
				CLANG_ANALYZER_NUMBER_OBJECT_CONVERSION = YES_AGGRESSIVE;
				CLANG_CXX_LANGUAGE_STANDARD = "gnu++20";
				CLANG_ENABLE_MODULES = YES;
				CLANG_ENABLE_OBJC_ARC = YES;
				CLANG_ENABLE_OBJC_WEAK = YES;
				CLANG_WARN_BLOCK_CAPTURE_AUTORELEASING = YES;
				CLANG_WARN_BOOL_CONVERSION = YES;
				CLANG_WARN_COMMA = YES;
				CLANG_WARN_CONSTANT_CONVERSION = YES;
				CLANG_WARN_DEPRECATED_OBJC_IMPLEMENTATIONS = YES;
				CLANG_WARN_DIRECT_OBJC_ISA_USAGE = YES_ERROR;
				CLANG_WARN_DOCUMENTATION_COMMENTS = YES;
				CLANG_WARN_EMPTY_BODY = YES;
				CLANG_WARN_ENUM_CONVERSION = YES;
				CLANG_WARN_INFINITE_RECURSION = YES;
				CLANG_WARN_INT_CONVERSION = YES;
				CLANG_WARN_NON_LITERAL_NULL_CONVERSION = YES;
				CLANG_WARN_OBJC_IMPLICIT_RETAIN_SELF = YES;
				CLANG_WARN_OBJC_LITERAL_CONVERSION = YES;
				CLANG_WARN_OBJC_ROOT_CLASS = YES_ERROR;
				CLANG_WARN_QUOTED_INCLUDE_IN_FRAMEWORK_HEADER = YES;
				CLANG_WARN_RANGE_LOOP_ANALYSIS = YES;
				CLANG_WARN_STRICT_PROTOTYPES = YES;
				CLANG_WARN_SUSPICIOUS_MOVE = YES;
				CLANG_WARN_UNGUARDED_AVAILABILITY = YES_AGGRESSIVE;
				CLANG_WARN_UNREACHABLE_CODE = YES;
				CLANG_WARN__DUPLICATE_METHOD_MATCH = YES;
				COPY_PHASE_STRIP = NO;
				DEBUG_INFORMATION_FORMAT = dwarf;
				ENABLE_STRICT_OBJC_MSGSEND = YES;
				ENABLE_TESTABILITY = YES;
				ENABLE_USER_SCRIPT_SANDBOXING = YES;
				GCC_C_LANGUAGE_STANDARD = gnu17;
				GCC_DYNAMIC_NO_PIC = NO;
				GCC_NO_COMMON_BLOCKS = YES;
				GCC_OPTIMIZATION_LEVEL = 0;
				GCC_PREPROCESSOR_DEFINITIONS = (
					"DEBUG=1",
					"$(inherited)",
				);
				GCC_WARN_64_TO_32_BIT_CONVERSION = YES;
				GCC_WARN_ABOUT_RETURN_TYPE = YES_ERROR;
				GCC_WARN_UNDECLARED_SELECTOR = YES;
				GCC_WARN_UNINITIALIZED_AUTOS = YES_AGGRESSIVE;
				GCC_WARN_UNUSED_FUNCTION = YES;
				GCC_WARN_UNUSED_VARIABLE = YES;
				IPHONEOS_DEPLOYMENT_TARGET = 17.2;
				LOCALIZATION_PREFERS_STRING_CATALOGS = YES;
				MTL_ENABLE_DEBUG_INFO = INCLUDE_SOURCE;
				MTL_FAST_MATH = YES;
				ONLY_ACTIVE_ARCH = YES;
				SDKROOT = iphoneos;
				SWIFT_ACTIVE_COMPILATION_CONDITIONS = "DEBUG $(inherited)";
				SWIFT_OPTIMIZATION_LEVEL = "-Onone";
			};
			name = Debug;
		};
		C611DEEA2B7A747200F92A18 /* Release */ = {
			isa = XCBuildConfiguration;
			buildSettings = {
				ALWAYS_SEARCH_USER_PATHS = NO;
				ASSETCATALOG_COMPILER_GENERATE_SWIFT_ASSET_SYMBOL_EXTENSIONS = YES;
				CLANG_ANALYZER_NONNULL = YES;
				CLANG_ANALYZER_NUMBER_OBJECT_CONVERSION = YES_AGGRESSIVE;
				CLANG_CXX_LANGUAGE_STANDARD = "gnu++20";
				CLANG_ENABLE_MODULES = YES;
				CLANG_ENABLE_OBJC_ARC = YES;
				CLANG_ENABLE_OBJC_WEAK = YES;
				CLANG_WARN_BLOCK_CAPTURE_AUTORELEASING = YES;
				CLANG_WARN_BOOL_CONVERSION = YES;
				CLANG_WARN_COMMA = YES;
				CLANG_WARN_CONSTANT_CONVERSION = YES;
				CLANG_WARN_DEPRECATED_OBJC_IMPLEMENTATIONS = YES;
				CLANG_WARN_DIRECT_OBJC_ISA_USAGE = YES_ERROR;
				CLANG_WARN_DOCUMENTATION_COMMENTS = YES;
				CLANG_WARN_EMPTY_BODY = YES;
				CLANG_WARN_ENUM_CONVERSION = YES;
				CLANG_WARN_INFINITE_RECURSION = YES;
				CLANG_WARN_INT_CONVERSION = YES;
				CLANG_WARN_NON_LITERAL_NULL_CONVERSION = YES;
				CLANG_WARN_OBJC_IMPLICIT_RETAIN_SELF = YES;
				CLANG_WARN_OBJC_LITERAL_CONVERSION = YES;
				CLANG_WARN_OBJC_ROOT_CLASS = YES_ERROR;
				CLANG_WARN_QUOTED_INCLUDE_IN_FRAMEWORK_HEADER = YES;
				CLANG_WARN_RANGE_LOOP_ANALYSIS = YES;
				CLANG_WARN_STRICT_PROTOTYPES = YES;
				CLANG_WARN_SUSPICIOUS_MOVE = YES;
				CLANG_WARN_UNGUARDED_AVAILABILITY = YES_AGGRESSIVE;
				CLANG_WARN_UNREACHABLE_CODE = YES;
				CLANG_WARN__DUPLICATE_METHOD_MATCH = YES;
				COPY_PHASE_STRIP = NO;
				DEBUG_INFORMATION_FORMAT = "dwarf-with-dsym";
				ENABLE_NS_ASSERTIONS = NO;
				ENABLE_STRICT_OBJC_MSGSEND = YES;
				ENABLE_USER_SCRIPT_SANDBOXING = YES;
				GCC_C_LANGUAGE_STANDARD = gnu17;
				GCC_NO_COMMON_BLOCKS = YES;
				GCC_WARN_64_TO_32_BIT_CONVERSION = YES;
				GCC_WARN_ABOUT_RETURN_TYPE = YES_ERROR;
				GCC_WARN_UNDECLARED_SELECTOR = YES;
				GCC_WARN_UNINITIALIZED_AUTOS = YES_AGGRESSIVE;
				GCC_WARN_UNUSED_FUNCTION = YES;
				GCC_WARN_UNUSED_VARIABLE = YES;
				IPHONEOS_DEPLOYMENT_TARGET = 17.2;
				LOCALIZATION_PREFERS_STRING_CATALOGS = YES;
				MTL_ENABLE_DEBUG_INFO = NO;
				MTL_FAST_MATH = YES;
				SDKROOT = iphoneos;
				SWIFT_COMPILATION_MODE = wholemodule;
				VALIDATE_PRODUCT = YES;
			};
			name = Release;
		};
		C611DEEC2B7A747200F92A18 /* Debug */ = {
			isa = XCBuildConfiguration;
			buildSettings = {
				ASSETCATALOG_COMPILER_APPICON_NAME = AppIcon;
				ASSETCATALOG_COMPILER_GLOBAL_ACCENT_COLOR_NAME = AccentColor;
				CODE_SIGN_STYLE = Automatic;
				CURRENT_PROJECT_VERSION = 1;
				DEVELOPMENT_ASSET_PATHS = "\"PlotLuck/Preview Content\"";
				DEVELOPMENT_TEAM = 29XC7B4KB4;
				ENABLE_PREVIEWS = YES;
				GENERATE_INFOPLIST_FILE = YES;
				INFOPLIST_KEY_UIApplicationSceneManifest_Generation = YES;
				INFOPLIST_KEY_UIApplicationSupportsIndirectInputEvents = YES;
				INFOPLIST_KEY_UILaunchScreen_Generation = YES;
				INFOPLIST_KEY_UISupportedInterfaceOrientations_iPad = "UIInterfaceOrientationPortrait UIInterfaceOrientationPortraitUpsideDown UIInterfaceOrientationLandscapeLeft UIInterfaceOrientationLandscapeRight";
				INFOPLIST_KEY_UISupportedInterfaceOrientations_iPhone = "UIInterfaceOrientationPortrait UIInterfaceOrientationLandscapeLeft UIInterfaceOrientationLandscapeRight";
				LD_RUNPATH_SEARCH_PATHS = (
					"$(inherited)",
					"@executable_path/Frameworks",
				);
				MARKETING_VERSION = 1.0;
				PRODUCT_BUNDLE_IDENTIFIER = com.sfwalsh.PlotLuck;
				PRODUCT_NAME = "$(TARGET_NAME)";
				SWIFT_EMIT_LOC_STRINGS = YES;
				SWIFT_VERSION = 5.0;
				TARGETED_DEVICE_FAMILY = "1,2";
			};
			name = Debug;
		};
		C611DEED2B7A747200F92A18 /* Release */ = {
			isa = XCBuildConfiguration;
			buildSettings = {
				ASSETCATALOG_COMPILER_APPICON_NAME = AppIcon;
				ASSETCATALOG_COMPILER_GLOBAL_ACCENT_COLOR_NAME = AccentColor;
				CODE_SIGN_STYLE = Automatic;
				CURRENT_PROJECT_VERSION = 1;
				DEVELOPMENT_ASSET_PATHS = "\"PlotLuck/Preview Content\"";
				DEVELOPMENT_TEAM = 29XC7B4KB4;
				ENABLE_PREVIEWS = YES;
				GENERATE_INFOPLIST_FILE = YES;
				INFOPLIST_KEY_UIApplicationSceneManifest_Generation = YES;
				INFOPLIST_KEY_UIApplicationSupportsIndirectInputEvents = YES;
				INFOPLIST_KEY_UILaunchScreen_Generation = YES;
				INFOPLIST_KEY_UISupportedInterfaceOrientations_iPad = "UIInterfaceOrientationPortrait UIInterfaceOrientationPortraitUpsideDown UIInterfaceOrientationLandscapeLeft UIInterfaceOrientationLandscapeRight";
				INFOPLIST_KEY_UISupportedInterfaceOrientations_iPhone = "UIInterfaceOrientationPortrait UIInterfaceOrientationLandscapeLeft UIInterfaceOrientationLandscapeRight";
				LD_RUNPATH_SEARCH_PATHS = (
					"$(inherited)",
					"@executable_path/Frameworks",
				);
				MARKETING_VERSION = 1.0;
				PRODUCT_BUNDLE_IDENTIFIER = com.sfwalsh.PlotLuck;
				PRODUCT_NAME = "$(TARGET_NAME)";
				SWIFT_EMIT_LOC_STRINGS = YES;
				SWIFT_VERSION = 5.0;
				TARGETED_DEVICE_FAMILY = "1,2";
			};
			name = Release;
		};
		C611DEEF2B7A747200F92A18 /* Debug */ = {
			isa = XCBuildConfiguration;
			buildSettings = {
				ALWAYS_EMBED_SWIFT_STANDARD_LIBRARIES = YES;
				BUNDLE_LOADER = "$(TEST_HOST)";
				CODE_SIGN_STYLE = Automatic;
				CURRENT_PROJECT_VERSION = 1;
				DEVELOPMENT_TEAM = 29XC7B4KB4;
				GENERATE_INFOPLIST_FILE = YES;
				IPHONEOS_DEPLOYMENT_TARGET = 17.2;
				MARKETING_VERSION = 1.0;
				PRODUCT_BUNDLE_IDENTIFIER = com.sfwalsh.PlotLuckTests;
				PRODUCT_NAME = "$(TARGET_NAME)";
				SWIFT_EMIT_LOC_STRINGS = NO;
				SWIFT_VERSION = 5.0;
				TARGETED_DEVICE_FAMILY = "1,2";
				TEST_HOST = "$(BUILT_PRODUCTS_DIR)/PlotLuck.app/$(BUNDLE_EXECUTABLE_FOLDER_PATH)/PlotLuck";
			};
			name = Debug;
		};
		C611DEF02B7A747200F92A18 /* Release */ = {
			isa = XCBuildConfiguration;
			buildSettings = {
				ALWAYS_EMBED_SWIFT_STANDARD_LIBRARIES = YES;
				BUNDLE_LOADER = "$(TEST_HOST)";
				CODE_SIGN_STYLE = Automatic;
				CURRENT_PROJECT_VERSION = 1;
				DEVELOPMENT_TEAM = 29XC7B4KB4;
				GENERATE_INFOPLIST_FILE = YES;
				IPHONEOS_DEPLOYMENT_TARGET = 17.2;
				MARKETING_VERSION = 1.0;
				PRODUCT_BUNDLE_IDENTIFIER = com.sfwalsh.PlotLuckTests;
				PRODUCT_NAME = "$(TARGET_NAME)";
				SWIFT_EMIT_LOC_STRINGS = NO;
				SWIFT_VERSION = 5.0;
				TARGETED_DEVICE_FAMILY = "1,2";
				TEST_HOST = "$(BUILT_PRODUCTS_DIR)/PlotLuck.app/$(BUNDLE_EXECUTABLE_FOLDER_PATH)/PlotLuck";
			};
			name = Release;
		};
/* End XCBuildConfiguration section */

/* Begin XCConfigurationList section */
		C611DEC22B7A747000F92A18 /* Build configuration list for PBXProject "PlotLuck" */ = {
			isa = XCConfigurationList;
			buildConfigurations = (
				C611DEE92B7A747200F92A18 /* Debug */,
				C611DEEA2B7A747200F92A18 /* Release */,
			);
			defaultConfigurationIsVisible = 0;
			defaultConfigurationName = Release;
		};
		C611DEEB2B7A747200F92A18 /* Build configuration list for PBXNativeTarget "PlotLuck" */ = {
			isa = XCConfigurationList;
			buildConfigurations = (
				C611DEEC2B7A747200F92A18 /* Debug */,
				C611DEED2B7A747200F92A18 /* Release */,
			);
			defaultConfigurationIsVisible = 0;
			defaultConfigurationName = Release;
		};
		C611DEEE2B7A747200F92A18 /* Build configuration list for PBXNativeTarget "PlotLuckTests" */ = {
			isa = XCConfigurationList;
			buildConfigurations = (
				C611DEEF2B7A747200F92A18 /* Debug */,
				C611DEF02B7A747200F92A18 /* Release */,
			);
			defaultConfigurationIsVisible = 0;
			defaultConfigurationName = Release;
		};
/* End XCConfigurationList section */
	};
	rootObject = C611DEBF2B7A747000F92A18 /* Project object */;
}
