// !$*UTF8*$!
{
	archiveVersion = 1;
	classes = {
	};
	objectVersion = 56;
	objects = {

/* Begin PBXBuildFile section */
		C611DECB2B7A747000F92A18 /* PlotLuckApp.swift in Sources */ = {isa = PBXBuildFile; fileRef = C611DECA2B7A747000F92A18 /* PlotLuckApp.swift */; };
		C611DECD2B7A747000F92A18 /* ContentView.swift in Sources */ = {isa = PBXBuildFile; fileRef = C611DECC2B7A747000F92A18 /* ContentView.swift */; };
		C611DECF2B7A747100F92A18 /* Assets.xcassets in Resources */ = {isa = PBXBuildFile; fileRef = C611DECE2B7A747100F92A18 /* Assets.xcassets */; };
		C611DED22B7A747100F92A18 /* Preview Assets.xcassets in Resources */ = {isa = PBXBuildFile; fileRef = C611DED12B7A747100F92A18 /* Preview Assets.xcassets */; };
		C611DEDC2B7A747200F92A18 /* PlotLuckTests.swift in Sources */ = {isa = PBXBuildFile; fileRef = C611DEDB2B7A747200F92A18 /* PlotLuckTests.swift */; };
		C611DEE62B7A747200F92A18 /* PlotLuckUITests.swift in Sources */ = {isa = PBXBuildFile; fileRef = C611DEE52B7A747200F92A18 /* PlotLuckUITests.swift */; };
		C611DEE82B7A747200F92A18 /* PlotLuckUITestsLaunchTests.swift in Sources */ = {isa = PBXBuildFile; fileRef = C611DEE72B7A747200F92A18 /* PlotLuckUITestsLaunchTests.swift */; };
		C611DEF52B7A7F2500F92A18 /* ReadingListItem.swift in Sources */ = {isa = PBXBuildFile; fileRef = C611DEF42B7A7F2500F92A18 /* ReadingListItem.swift */; };
		C611DEF82B7A7F4F00F92A18 /* Book.swift in Sources */ = {isa = PBXBuildFile; fileRef = C611DEF72B7A7F4F00F92A18 /* Book.swift */; };
		C611DEFA2B7A7F5900F92A18 /* ReadingStatus.swift in Sources */ = {isa = PBXBuildFile; fileRef = C611DEF92B7A7F5900F92A18 /* ReadingStatus.swift */; };
		C611DEFD2B7A874900F92A18 /* ReadingListRepository.swift in Sources */ = {isa = PBXBuildFile; fileRef = C611DEFC2B7A874900F92A18 /* ReadingListRepository.swift */; };
		C611DEFF2B7A87AA00F92A18 /* CRUDRepository.swift in Sources */ = {isa = PBXBuildFile; fileRef = C611DEFE2B7A87AA00F92A18 /* CRUDRepository.swift */; };
		C611DF022B7A887700F92A18 /* UseCase.swift in Sources */ = {isa = PBXBuildFile; fileRef = C611DF012B7A887700F92A18 /* UseCase.swift */; };
/* End PBXBuildFile section */

/* Begin PBXContainerItemProxy section */
		C611DED82B7A747200F92A18 /* PBXContainerItemProxy */ = {
			isa = PBXContainerItemProxy;
			containerPortal = C611DEBF2B7A747000F92A18 /* Project object */;
			proxyType = 1;
			remoteGlobalIDString = C611DEC62B7A747000F92A18;
			remoteInfo = PlotLuck;
		};
		C611DEE22B7A747200F92A18 /* PBXContainerItemProxy */ = {
			isa = PBXContainerItemProxy;
			containerPortal = C611DEBF2B7A747000F92A18 /* Project object */;
			proxyType = 1;
			remoteGlobalIDString = C611DEC62B7A747000F92A18;
			remoteInfo = PlotLuck;
		};
/* End PBXContainerItemProxy section */

/* Begin PBXFileReference section */
		C611DEC72B7A747000F92A18 /* PlotLuck.app */ = {isa = PBXFileReference; explicitFileType = wrapper.application; includeInIndex = 0; path = PlotLuck.app; sourceTree = BUILT_PRODUCTS_DIR; };
		C611DECA2B7A747000F92A18 /* PlotLuckApp.swift */ = {isa = PBXFileReference; lastKnownFileType = sourcecode.swift; path = PlotLuckApp.swift; sourceTree = "<group>"; };
		C611DECC2B7A747000F92A18 /* ContentView.swift */ = {isa = PBXFileReference; lastKnownFileType = sourcecode.swift; path = ContentView.swift; sourceTree = "<group>"; };
		C611DECE2B7A747100F92A18 /* Assets.xcassets */ = {isa = PBXFileReference; lastKnownFileType = folder.assetcatalog; path = Assets.xcassets; sourceTree = "<group>"; };
		C611DED12B7A747100F92A18 /* Preview Assets.xcassets */ = {isa = PBXFileReference; lastKnownFileType = folder.assetcatalog; path = "Preview Assets.xcassets"; sourceTree = "<group>"; };
		C611DED72B7A747200F92A18 /* PlotLuckTests.xctest */ = {isa = PBXFileReference; explicitFileType = wrapper.cfbundle; includeInIndex = 0; path = PlotLuckTests.xctest; sourceTree = BUILT_PRODUCTS_DIR; };
		C611DEDB2B7A747200F92A18 /* PlotLuckTests.swift */ = {isa = PBXFileReference; lastKnownFileType = sourcecode.swift; path = PlotLuckTests.swift; sourceTree = "<group>"; };
		C611DEE12B7A747200F92A18 /* PlotLuckUITests.xctest */ = {isa = PBXFileReference; explicitFileType = wrapper.cfbundle; includeInIndex = 0; path = PlotLuckUITests.xctest; sourceTree = BUILT_PRODUCTS_DIR; };
		C611DEE52B7A747200F92A18 /* PlotLuckUITests.swift */ = {isa = PBXFileReference; lastKnownFileType = sourcecode.swift; path = PlotLuckUITests.swift; sourceTree = "<group>"; };
		C611DEE72B7A747200F92A18 /* PlotLuckUITestsLaunchTests.swift */ = {isa = PBXFileReference; lastKnownFileType = sourcecode.swift; path = PlotLuckUITestsLaunchTests.swift; sourceTree = "<group>"; };
		C611DEF42B7A7F2500F92A18 /* ReadingListItem.swift */ = {isa = PBXFileReference; lastKnownFileType = sourcecode.swift; path = ReadingListItem.swift; sourceTree = "<group>"; };
		C611DEF72B7A7F4F00F92A18 /* Book.swift */ = {isa = PBXFileReference; lastKnownFileType = sourcecode.swift; path = Book.swift; sourceTree = "<group>"; };
		C611DEF92B7A7F5900F92A18 /* ReadingStatus.swift */ = {isa = PBXFileReference; lastKnownFileType = sourcecode.swift; path = ReadingStatus.swift; sourceTree = "<group>"; };
		C611DEFC2B7A874900F92A18 /* ReadingListRepository.swift */ = {isa = PBXFileReference; lastKnownFileType = sourcecode.swift; path = ReadingListRepository.swift; sourceTree = "<group>"; };
		C611DEFE2B7A87AA00F92A18 /* CRUDRepository.swift */ = {isa = PBXFileReference; lastKnownFileType = sourcecode.swift; path = CRUDRepository.swift; sourceTree = "<group>"; };
		C611DF012B7A887700F92A18 /* UseCase.swift */ = {isa = PBXFileReference; lastKnownFileType = sourcecode.swift; path = UseCase.swift; sourceTree = "<group>"; };
/* End PBXFileReference section */

/* Begin PBXFrameworksBuildPhase section */
		C611DEC42B7A747000F92A18 /* Frameworks */ = {
			isa = PBXFrameworksBuildPhase;
			buildActionMask = 2147483647;
			files = (
			);
			runOnlyForDeploymentPostprocessing = 0;
		};
		C611DED42B7A747200F92A18 /* Frameworks */ = {
			isa = PBXFrameworksBuildPhase;
			buildActionMask = 2147483647;
			files = (
			);
			runOnlyForDeploymentPostprocessing = 0;
		};
		C611DEDE2B7A747200F92A18 /* Frameworks */ = {
			isa = PBXFrameworksBuildPhase;
			buildActionMask = 2147483647;
			files = (
			);
			runOnlyForDeploymentPostprocessing = 0;
		};
/* End PBXFrameworksBuildPhase section */

/* Begin PBXGroup section */
		C611DEBE2B7A747000F92A18 = {
			isa = PBXGroup;
			children = (
				C611DEC92B7A747000F92A18 /* PlotLuck */,
				C611DEDA2B7A747200F92A18 /* PlotLuckTests */,
				C611DEE42B7A747200F92A18 /* PlotLuckUITests */,
				C611DEC82B7A747000F92A18 /* Products */,
			);
			sourceTree = "<group>";
		};
		C611DEC82B7A747000F92A18 /* Products */ = {
			isa = PBXGroup;
			children = (
				C611DEC72B7A747000F92A18 /* PlotLuck.app */,
				C611DED72B7A747200F92A18 /* PlotLuckTests.xctest */,
				C611DEE12B7A747200F92A18 /* PlotLuckUITests.xctest */,
			);
			name = Products;
			sourceTree = "<group>";
		};
		C611DEC92B7A747000F92A18 /* PlotLuck */ = {
			isa = PBXGroup;
			children = (
				C611DECA2B7A747000F92A18 /* PlotLuckApp.swift */,
				C611DEF62B7A7F3000F92A18 /* Data */,
				C611DF032B7A89EB00F92A18 /* Domain */,
				C611DECC2B7A747000F92A18 /* ContentView.swift */,
				C611DECE2B7A747100F92A18 /* Assets.xcassets */,
				C611DED02B7A747100F92A18 /* Preview Content */,
			);
			path = PlotLuck;
			sourceTree = "<group>";
		};
		C611DED02B7A747100F92A18 /* Preview Content */ = {
			isa = PBXGroup;
			children = (
				C611DED12B7A747100F92A18 /* Preview Assets.xcassets */,
			);
			path = "Preview Content";
			sourceTree = "<group>";
		};
		C611DEDA2B7A747200F92A18 /* PlotLuckTests */ = {
			isa = PBXGroup;
			children = (
				C611DEDB2B7A747200F92A18 /* PlotLuckTests.swift */,
			);
			path = PlotLuckTests;
			sourceTree = "<group>";
		};
		C611DEE42B7A747200F92A18 /* PlotLuckUITests */ = {
			isa = PBXGroup;
			children = (
				C611DEE52B7A747200F92A18 /* PlotLuckUITests.swift */,
				C611DEE72B7A747200F92A18 /* PlotLuckUITestsLaunchTests.swift */,
			);
			path = PlotLuckUITests;
			sourceTree = "<group>";
		};
		C611DEF62B7A7F3000F92A18 /* Data */ = {
			isa = PBXGroup;
			children = (
				C611DF002B7A885600F92A18 /* Repository */,
				C611DEFB2B7A86B600F92A18 /* Models */,
			);
			path = Data;
			sourceTree = "<group>";
		};
		C611DEFB2B7A86B600F92A18 /* Models */ = {
			isa = PBXGroup;
			children = (
				C611DEF42B7A7F2500F92A18 /* ReadingListItem.swift */,
				C611DEF72B7A7F4F00F92A18 /* Book.swift */,
				C611DEF92B7A7F5900F92A18 /* ReadingStatus.swift */,
			);
			path = Models;
			sourceTree = "<group>";
		};
		C611DF002B7A885600F92A18 /* Repository */ = {
			isa = PBXGroup;
			children = (
				C611DEFE2B7A87AA00F92A18 /* CRUDRepository.swift */,
				C611DEFC2B7A874900F92A18 /* ReadingListRepository.swift */,
			);
			path = Repository;
			sourceTree = "<group>";
		};
		C611DF032B7A89EB00F92A18 /* Domain */ = {
			isa = PBXGroup;
			children = (
				C611DF012B7A887700F92A18 /* UseCase.swift */,
			);
			path = Domain;
			sourceTree = "<group>";
		};
/* End PBXGroup section */

/* Begin PBXNativeTarget section */
		C611DEC62B7A747000F92A18 /* PlotLuck */ = {
			isa = PBXNativeTarget;
			buildConfigurationList = C611DEEB2B7A747200F92A18 /* Build configuration list for PBXNativeTarget "PlotLuck" */;
			buildPhases = (
				C611DEC32B7A747000F92A18 /* Sources */,
				C611DEC42B7A747000F92A18 /* Frameworks */,
				C611DEC52B7A747000F92A18 /* Resources */,
			);
			buildRules = (
			);
			dependencies = (
			);
			name = PlotLuck;
			productName = PlotLuck;
			productReference = C611DEC72B7A747000F92A18 /* PlotLuck.app */;
			productType = "com.apple.product-type.application";
		};
		C611DED62B7A747200F92A18 /* PlotLuckTests */ = {
			isa = PBXNativeTarget;
			buildConfigurationList = C611DEEE2B7A747200F92A18 /* Build configuration list for PBXNativeTarget "PlotLuckTests" */;
			buildPhases = (
				C611DED32B7A747200F92A18 /* Sources */,
				C611DED42B7A747200F92A18 /* Frameworks */,
				C611DED52B7A747200F92A18 /* Resources */,
			);
			buildRules = (
			);
			dependencies = (
				C611DED92B7A747200F92A18 /* PBXTargetDependency */,
			);
			name = PlotLuckTests;
			productName = PlotLuckTests;
			productReference = C611DED72B7A747200F92A18 /* PlotLuckTests.xctest */;
			productType = "com.apple.product-type.bundle.unit-test";
		};
		C611DEE02B7A747200F92A18 /* PlotLuckUITests */ = {
			isa = PBXNativeTarget;
			buildConfigurationList = C611DEF12B7A747200F92A18 /* Build configuration list for PBXNativeTarget "PlotLuckUITests" */;
			buildPhases = (
				C611DEDD2B7A747200F92A18 /* Sources */,
				C611DEDE2B7A747200F92A18 /* Frameworks */,
				C611DEDF2B7A747200F92A18 /* Resources */,
			);
			buildRules = (
			);
			dependencies = (
				C611DEE32B7A747200F92A18 /* PBXTargetDependency */,
			);
			name = PlotLuckUITests;
			productName = PlotLuckUITests;
			productReference = C611DEE12B7A747200F92A18 /* PlotLuckUITests.xctest */;
			productType = "com.apple.product-type.bundle.ui-testing";
		};
/* End PBXNativeTarget section */

/* Begin PBXProject section */
		C611DEBF2B7A747000F92A18 /* Project object */ = {
			isa = PBXProject;
			attributes = {
				BuildIndependentTargetsInParallel = 1;
				LastSwiftUpdateCheck = 1520;
				LastUpgradeCheck = 1520;
				TargetAttributes = {
					C611DEC62B7A747000F92A18 = {
						CreatedOnToolsVersion = 15.2;
					};
					C611DED62B7A747200F92A18 = {
						CreatedOnToolsVersion = 15.2;
						TestTargetID = C611DEC62B7A747000F92A18;
					};
					C611DEE02B7A747200F92A18 = {
						CreatedOnToolsVersion = 15.2;
						TestTargetID = C611DEC62B7A747000F92A18;
					};
				};
			};
			buildConfigurationList = C611DEC22B7A747000F92A18 /* Build configuration list for PBXProject "PlotLuck" */;
			compatibilityVersion = "Xcode 14.0";
			developmentRegion = en;
			hasScannedForEncodings = 0;
			knownRegions = (
				en,
				Base,
			);
			mainGroup = C611DEBE2B7A747000F92A18;
			productRefGroup = C611DEC82B7A747000F92A18 /* Products */;
			projectDirPath = "";
			projectRoot = "";
			targets = (
				C611DEC62B7A747000F92A18 /* PlotLuck */,
				C611DED62B7A747200F92A18 /* PlotLuckTests */,
				C611DEE02B7A747200F92A18 /* PlotLuckUITests */,
			);
		};
/* End PBXProject section */

/* Begin PBXResourcesBuildPhase section */
		C611DEC52B7A747000F92A18 /* Resources */ = {
			isa = PBXResourcesBuildPhase;
			buildActionMask = 2147483647;
			files = (
				C611DED22B7A747100F92A18 /* Preview Assets.xcassets in Resources */,
				C611DECF2B7A747100F92A18 /* Assets.xcassets in Resources */,
			);
			runOnlyForDeploymentPostprocessing = 0;
		};
		C611DED52B7A747200F92A18 /* Resources */ = {
			isa = PBXResourcesBuildPhase;
			buildActionMask = 2147483647;
			files = (
			);
			runOnlyForDeploymentPostprocessing = 0;
		};
		C611DEDF2B7A747200F92A18 /* Resources */ = {
			isa = PBXResourcesBuildPhase;
			buildActionMask = 2147483647;
			files = (
			);
			runOnlyForDeploymentPostprocessing = 0;
		};
/* End PBXResourcesBuildPhase section */

/* Begin PBXSourcesBuildPhase section */
		C611DEC32B7A747000F92A18 /* Sources */ = {
			isa = PBXSourcesBuildPhase;
			buildActionMask = 2147483647;
			files = (
				C611DEF82B7A7F4F00F92A18 /* Book.swift in Sources */,
				C611DF022B7A887700F92A18 /* UseCase.swift in Sources */,
				C611DECD2B7A747000F92A18 /* ContentView.swift in Sources */,
				C611DEFD2B7A874900F92A18 /* ReadingListRepository.swift in Sources */,
				C611DEFF2B7A87AA00F92A18 /* CRUDRepository.swift in Sources */,
				C611DEF52B7A7F2500F92A18 /* ReadingListItem.swift in Sources */,
				C611DEFA2B7A7F5900F92A18 /* ReadingStatus.swift in Sources */,
				C611DECB2B7A747000F92A18 /* PlotLuckApp.swift in Sources */,
			);
			runOnlyForDeploymentPostprocessing = 0;
		};
		C611DED32B7A747200F92A18 /* Sources */ = {
			isa = PBXSourcesBuildPhase;
			buildActionMask = 2147483647;
			files = (
				C611DEDC2B7A747200F92A18 /* PlotLuckTests.swift in Sources */,
			);
			runOnlyForDeploymentPostprocessing = 0;
		};
		C611DEDD2B7A747200F92A18 /* Sources */ = {
			isa = PBXSourcesBuildPhase;
			buildActionMask = 2147483647;
			files = (
				C611DEE82B7A747200F92A18 /* PlotLuckUITestsLaunchTests.swift in Sources */,
				C611DEE62B7A747200F92A18 /* PlotLuckUITests.swift in Sources */,
			);
			runOnlyForDeploymentPostprocessing = 0;
		};
/* End PBXSourcesBuildPhase section */

/* Begin PBXTargetDependency section */
		C611DED92B7A747200F92A18 /* PBXTargetDependency */ = {
			isa = PBXTargetDependency;
			target = C611DEC62B7A747000F92A18 /* PlotLuck */;
			targetProxy = C611DED82B7A747200F92A18 /* PBXContainerItemProxy */;
		};
		C611DEE32B7A747200F92A18 /* PBXTargetDependency */ = {
			isa = PBXTargetDependency;
			target = C611DEC62B7A747000F92A18 /* PlotLuck */;
			targetProxy = C611DEE22B7A747200F92A18 /* PBXContainerItemProxy */;
		};
/* End PBXTargetDependency section */

/* Begin XCBuildConfiguration section */
		C611DEE92B7A747200F92A18 /* Debug */ = {
			isa = XCBuildConfiguration;
			buildSettings = {
				ALWAYS_SEARCH_USER_PATHS = NO;
				ASSETCATALOG_COMPILER_GENERATE_SWIFT_ASSET_SYMBOL_EXTENSIONS = YES;
				CLANG_ANALYZER_NONNULL = YES;
				CLANG_ANALYZER_NUMBER_OBJECT_CONVERSION = YES_AGGRESSIVE;
				CLANG_CXX_LANGUAGE_STANDARD = "gnu++20";
				CLANG_ENABLE_MODULES = YES;
				CLANG_ENABLE_OBJC_ARC = YES;
				CLANG_ENABLE_OBJC_WEAK = YES;
				CLANG_WARN_BLOCK_CAPTURE_AUTORELEASING = YES;
				CLANG_WARN_BOOL_CONVERSION = YES;
				CLANG_WARN_COMMA = YES;
				CLANG_WARN_CONSTANT_CONVERSION = YES;
				CLANG_WARN_DEPRECATED_OBJC_IMPLEMENTATIONS = YES;
				CLANG_WARN_DIRECT_OBJC_ISA_USAGE = YES_ERROR;
				CLANG_WARN_DOCUMENTATION_COMMENTS = YES;
				CLANG_WARN_EMPTY_BODY = YES;
				CLANG_WARN_ENUM_CONVERSION = YES;
				CLANG_WARN_INFINITE_RECURSION = YES;
				CLANG_WARN_INT_CONVERSION = YES;
				CLANG_WARN_NON_LITERAL_NULL_CONVERSION = YES;
				CLANG_WARN_OBJC_IMPLICIT_RETAIN_SELF = YES;
				CLANG_WARN_OBJC_LITERAL_CONVERSION = YES;
				CLANG_WARN_OBJC_ROOT_CLASS = YES_ERROR;
				CLANG_WARN_QUOTED_INCLUDE_IN_FRAMEWORK_HEADER = YES;
				CLANG_WARN_RANGE_LOOP_ANALYSIS = YES;
				CLANG_WARN_STRICT_PROTOTYPES = YES;
				CLANG_WARN_SUSPICIOUS_MOVE = YES;
				CLANG_WARN_UNGUARDED_AVAILABILITY = YES_AGGRESSIVE;
				CLANG_WARN_UNREACHABLE_CODE = YES;
				CLANG_WARN__DUPLICATE_METHOD_MATCH = YES;
				COPY_PHASE_STRIP = NO;
				DEBUG_INFORMATION_FORMAT = dwarf;
				ENABLE_STRICT_OBJC_MSGSEND = YES;
				ENABLE_TESTABILITY = YES;
				ENABLE_USER_SCRIPT_SANDBOXING = YES;
				GCC_C_LANGUAGE_STANDARD = gnu17;
				GCC_DYNAMIC_NO_PIC = NO;
				GCC_NO_COMMON_BLOCKS = YES;
				GCC_OPTIMIZATION_LEVEL = 0;
				GCC_PREPROCESSOR_DEFINITIONS = (
					"DEBUG=1",
					"$(inherited)",
				);
				GCC_WARN_64_TO_32_BIT_CONVERSION = YES;
				GCC_WARN_ABOUT_RETURN_TYPE = YES_ERROR;
				GCC_WARN_UNDECLARED_SELECTOR = YES;
				GCC_WARN_UNINITIALIZED_AUTOS = YES_AGGRESSIVE;
				GCC_WARN_UNUSED_FUNCTION = YES;
				GCC_WARN_UNUSED_VARIABLE = YES;
				IPHONEOS_DEPLOYMENT_TARGET = 17.2;
				LOCALIZATION_PREFERS_STRING_CATALOGS = YES;
				MTL_ENABLE_DEBUG_INFO = INCLUDE_SOURCE;
				MTL_FAST_MATH = YES;
				ONLY_ACTIVE_ARCH = YES;
				SDKROOT = iphoneos;
				SWIFT_ACTIVE_COMPILATION_CONDITIONS = "DEBUG $(inherited)";
				SWIFT_OPTIMIZATION_LEVEL = "-Onone";
			};
			name = Debug;
		};
		C611DEEA2B7A747200F92A18 /* Release */ = {
			isa = XCBuildConfiguration;
			buildSettings = {
				ALWAYS_SEARCH_USER_PATHS = NO;
				ASSETCATALOG_COMPILER_GENERATE_SWIFT_ASSET_SYMBOL_EXTENSIONS = YES;
				CLANG_ANALYZER_NONNULL = YES;
				CLANG_ANALYZER_NUMBER_OBJECT_CONVERSION = YES_AGGRESSIVE;
				CLANG_CXX_LANGUAGE_STANDARD = "gnu++20";
				CLANG_ENABLE_MODULES = YES;
				CLANG_ENABLE_OBJC_ARC = YES;
				CLANG_ENABLE_OBJC_WEAK = YES;
				CLANG_WARN_BLOCK_CAPTURE_AUTORELEASING = YES;
				CLANG_WARN_BOOL_CONVERSION = YES;
				CLANG_WARN_COMMA = YES;
				CLANG_WARN_CONSTANT_CONVERSION = YES;
				CLANG_WARN_DEPRECATED_OBJC_IMPLEMENTATIONS = YES;
				CLANG_WARN_DIRECT_OBJC_ISA_USAGE = YES_ERROR;
				CLANG_WARN_DOCUMENTATION_COMMENTS = YES;
				CLANG_WARN_EMPTY_BODY = YES;
				CLANG_WARN_ENUM_CONVERSION = YES;
				CLANG_WARN_INFINITE_RECURSION = YES;
				CLANG_WARN_INT_CONVERSION = YES;
				CLANG_WARN_NON_LITERAL_NULL_CONVERSION = YES;
				CLANG_WARN_OBJC_IMPLICIT_RETAIN_SELF = YES;
				CLANG_WARN_OBJC_LITERAL_CONVERSION = YES;
				CLANG_WARN_OBJC_ROOT_CLASS = YES_ERROR;
				CLANG_WARN_QUOTED_INCLUDE_IN_FRAMEWORK_HEADER = YES;
				CLANG_WARN_RANGE_LOOP_ANALYSIS = YES;
				CLANG_WARN_STRICT_PROTOTYPES = YES;
				CLANG_WARN_SUSPICIOUS_MOVE = YES;
				CLANG_WARN_UNGUARDED_AVAILABILITY = YES_AGGRESSIVE;
				CLANG_WARN_UNREACHABLE_CODE = YES;
				CLANG_WARN__DUPLICATE_METHOD_MATCH = YES;
				COPY_PHASE_STRIP = NO;
				DEBUG_INFORMATION_FORMAT = "dwarf-with-dsym";
				ENABLE_NS_ASSERTIONS = NO;
				ENABLE_STRICT_OBJC_MSGSEND = YES;
				ENABLE_USER_SCRIPT_SANDBOXING = YES;
				GCC_C_LANGUAGE_STANDARD = gnu17;
				GCC_NO_COMMON_BLOCKS = YES;
				GCC_WARN_64_TO_32_BIT_CONVERSION = YES;
				GCC_WARN_ABOUT_RETURN_TYPE = YES_ERROR;
				GCC_WARN_UNDECLARED_SELECTOR = YES;
				GCC_WARN_UNINITIALIZED_AUTOS = YES_AGGRESSIVE;
				GCC_WARN_UNUSED_FUNCTION = YES;
				GCC_WARN_UNUSED_VARIABLE = YES;
				IPHONEOS_DEPLOYMENT_TARGET = 17.2;
				LOCALIZATION_PREFERS_STRING_CATALOGS = YES;
				MTL_ENABLE_DEBUG_INFO = NO;
				MTL_FAST_MATH = YES;
				SDKROOT = iphoneos;
				SWIFT_COMPILATION_MODE = wholemodule;
				VALIDATE_PRODUCT = YES;
			};
			name = Release;
		};
		C611DEEC2B7A747200F92A18 /* Debug */ = {
			isa = XCBuildConfiguration;
			buildSettings = {
				ASSETCATALOG_COMPILER_APPICON_NAME = AppIcon;
				ASSETCATALOG_COMPILER_GLOBAL_ACCENT_COLOR_NAME = AccentColor;
				CODE_SIGN_STYLE = Automatic;
				CURRENT_PROJECT_VERSION = 1;
				DEVELOPMENT_ASSET_PATHS = "\"PlotLuck/Preview Content\"";
				DEVELOPMENT_TEAM = 29XC7B4KB4;
				ENABLE_PREVIEWS = YES;
				GENERATE_INFOPLIST_FILE = YES;
				INFOPLIST_KEY_UIApplicationSceneManifest_Generation = YES;
				INFOPLIST_KEY_UIApplicationSupportsIndirectInputEvents = YES;
				INFOPLIST_KEY_UILaunchScreen_Generation = YES;
				INFOPLIST_KEY_UISupportedInterfaceOrientations_iPad = "UIInterfaceOrientationPortrait UIInterfaceOrientationPortraitUpsideDown UIInterfaceOrientationLandscapeLeft UIInterfaceOrientationLandscapeRight";
				INFOPLIST_KEY_UISupportedInterfaceOrientations_iPhone = "UIInterfaceOrientationPortrait UIInterfaceOrientationLandscapeLeft UIInterfaceOrientationLandscapeRight";
				LD_RUNPATH_SEARCH_PATHS = (
					"$(inherited)",
					"@executable_path/Frameworks",
				);
				MARKETING_VERSION = 1.0;
				PRODUCT_BUNDLE_IDENTIFIER = com.sfwalsh.PlotLuck;
				PRODUCT_NAME = "$(TARGET_NAME)";
				SWIFT_EMIT_LOC_STRINGS = YES;
				SWIFT_VERSION = 5.0;
				TARGETED_DEVICE_FAMILY = "1,2";
			};
			name = Debug;
		};
		C611DEED2B7A747200F92A18 /* Release */ = {
			isa = XCBuildConfiguration;
			buildSettings = {
				ASSETCATALOG_COMPILER_APPICON_NAME = AppIcon;
				ASSETCATALOG_COMPILER_GLOBAL_ACCENT_COLOR_NAME = AccentColor;
				CODE_SIGN_STYLE = Automatic;
				CURRENT_PROJECT_VERSION = 1;
				DEVELOPMENT_ASSET_PATHS = "\"PlotLuck/Preview Content\"";
				DEVELOPMENT_TEAM = 29XC7B4KB4;
				ENABLE_PREVIEWS = YES;
				GENERATE_INFOPLIST_FILE = YES;
				INFOPLIST_KEY_UIApplicationSceneManifest_Generation = YES;
				INFOPLIST_KEY_UIApplicationSupportsIndirectInputEvents = YES;
				INFOPLIST_KEY_UILaunchScreen_Generation = YES;
				INFOPLIST_KEY_UISupportedInterfaceOrientations_iPad = "UIInterfaceOrientationPortrait UIInterfaceOrientationPortraitUpsideDown UIInterfaceOrientationLandscapeLeft UIInterfaceOrientationLandscapeRight";
				INFOPLIST_KEY_UISupportedInterfaceOrientations_iPhone = "UIInterfaceOrientationPortrait UIInterfaceOrientationLandscapeLeft UIInterfaceOrientationLandscapeRight";
				LD_RUNPATH_SEARCH_PATHS = (
					"$(inherited)",
					"@executable_path/Frameworks",
				);
				MARKETING_VERSION = 1.0;
				PRODUCT_BUNDLE_IDENTIFIER = com.sfwalsh.PlotLuck;
				PRODUCT_NAME = "$(TARGET_NAME)";
				SWIFT_EMIT_LOC_STRINGS = YES;
				SWIFT_VERSION = 5.0;
				TARGETED_DEVICE_FAMILY = "1,2";
			};
			name = Release;
		};
		C611DEEF2B7A747200F92A18 /* Debug */ = {
			isa = XCBuildConfiguration;
			buildSettings = {
				ALWAYS_EMBED_SWIFT_STANDARD_LIBRARIES = YES;
				BUNDLE_LOADER = "$(TEST_HOST)";
				CODE_SIGN_STYLE = Automatic;
				CURRENT_PROJECT_VERSION = 1;
				DEVELOPMENT_TEAM = 29XC7B4KB4;
				GENERATE_INFOPLIST_FILE = YES;
				IPHONEOS_DEPLOYMENT_TARGET = 17.2;
				MARKETING_VERSION = 1.0;
				PRODUCT_BUNDLE_IDENTIFIER = com.sfwalsh.PlotLuckTests;
				PRODUCT_NAME = "$(TARGET_NAME)";
				SWIFT_EMIT_LOC_STRINGS = NO;
				SWIFT_VERSION = 5.0;
				TARGETED_DEVICE_FAMILY = "1,2";
				TEST_HOST = "$(BUILT_PRODUCTS_DIR)/PlotLuck.app/$(BUNDLE_EXECUTABLE_FOLDER_PATH)/PlotLuck";
			};
			name = Debug;
		};
		C611DEF02B7A747200F92A18 /* Release */ = {
			isa = XCBuildConfiguration;
			buildSettings = {
				ALWAYS_EMBED_SWIFT_STANDARD_LIBRARIES = YES;
				BUNDLE_LOADER = "$(TEST_HOST)";
				CODE_SIGN_STYLE = Automatic;
				CURRENT_PROJECT_VERSION = 1;
				DEVELOPMENT_TEAM = 29XC7B4KB4;
				GENERATE_INFOPLIST_FILE = YES;
				IPHONEOS_DEPLOYMENT_TARGET = 17.2;
				MARKETING_VERSION = 1.0;
				PRODUCT_BUNDLE_IDENTIFIER = com.sfwalsh.PlotLuckTests;
				PRODUCT_NAME = "$(TARGET_NAME)";
				SWIFT_EMIT_LOC_STRINGS = NO;
				SWIFT_VERSION = 5.0;
				TARGETED_DEVICE_FAMILY = "1,2";
				TEST_HOST = "$(BUILT_PRODUCTS_DIR)/PlotLuck.app/$(BUNDLE_EXECUTABLE_FOLDER_PATH)/PlotLuck";
			};
			name = Release;
		};
		C611DEF22B7A747200F92A18 /* Debug */ = {
			isa = XCBuildConfiguration;
			buildSettings = {
				ALWAYS_EMBED_SWIFT_STANDARD_LIBRARIES = YES;
				CODE_SIGN_STYLE = Automatic;
				CURRENT_PROJECT_VERSION = 1;
				DEVELOPMENT_TEAM = 29XC7B4KB4;
				GENERATE_INFOPLIST_FILE = YES;
				MARKETING_VERSION = 1.0;
				PRODUCT_BUNDLE_IDENTIFIER = com.sfwalsh.PlotLuckUITests;
				PRODUCT_NAME = "$(TARGET_NAME)";
				SWIFT_EMIT_LOC_STRINGS = NO;
				SWIFT_VERSION = 5.0;
				TARGETED_DEVICE_FAMILY = "1,2";
				TEST_TARGET_NAME = PlotLuck;
			};
			name = Debug;
		};
		C611DEF32B7A747200F92A18 /* Release */ = {
			isa = XCBuildConfiguration;
			buildSettings = {
				ALWAYS_EMBED_SWIFT_STANDARD_LIBRARIES = YES;
				CODE_SIGN_STYLE = Automatic;
				CURRENT_PROJECT_VERSION = 1;
				DEVELOPMENT_TEAM = 29XC7B4KB4;
				GENERATE_INFOPLIST_FILE = YES;
				MARKETING_VERSION = 1.0;
				PRODUCT_BUNDLE_IDENTIFIER = com.sfwalsh.PlotLuckUITests;
				PRODUCT_NAME = "$(TARGET_NAME)";
				SWIFT_EMIT_LOC_STRINGS = NO;
				SWIFT_VERSION = 5.0;
				TARGETED_DEVICE_FAMILY = "1,2";
				TEST_TARGET_NAME = PlotLuck;
			};
			name = Release;
		};
/* End XCBuildConfiguration section */

/* Begin XCConfigurationList section */
		C611DEC22B7A747000F92A18 /* Build configuration list for PBXProject "PlotLuck" */ = {
			isa = XCConfigurationList;
			buildConfigurations = (
				C611DEE92B7A747200F92A18 /* Debug */,
				C611DEEA2B7A747200F92A18 /* Release */,
			);
			defaultConfigurationIsVisible = 0;
			defaultConfigurationName = Release;
		};
		C611DEEB2B7A747200F92A18 /* Build configuration list for PBXNativeTarget "PlotLuck" */ = {
			isa = XCConfigurationList;
			buildConfigurations = (
				C611DEEC2B7A747200F92A18 /* Debug */,
				C611DEED2B7A747200F92A18 /* Release */,
			);
			defaultConfigurationIsVisible = 0;
			defaultConfigurationName = Release;
		};
		C611DEEE2B7A747200F92A18 /* Build configuration list for PBXNativeTarget "PlotLuckTests" */ = {
			isa = XCConfigurationList;
			buildConfigurations = (
				C611DEEF2B7A747200F92A18 /* Debug */,
				C611DEF02B7A747200F92A18 /* Release */,
			);
			defaultConfigurationIsVisible = 0;
			defaultConfigurationName = Release;
		};
		C611DEF12B7A747200F92A18 /* Build configuration list for PBXNativeTarget "PlotLuckUITests" */ = {
			isa = XCConfigurationList;
			buildConfigurations = (
				C611DEF22B7A747200F92A18 /* Debug */,
				C611DEF32B7A747200F92A18 /* Release */,
			);
			defaultConfigurationIsVisible = 0;
			defaultConfigurationName = Release;
		};
/* End XCConfigurationList section */
	};
	rootObject = C611DEBF2B7A747000F92A18 /* Project object */;
}
